github.com/gregoryv/matrix v0.0.0-20180221041633-bc065ffea423 h1:XdnhNJB/HesGjnq721+MPlkkX9OlQi9LYLNcHnyNzEs=
github.com/gregoryv/matrix v0.0.0-20180221041633-bc065ffea423/go.mod h1:8eI2NQiIjp33CvI/GEbXqvPq/1abGelYFm6XHdQnH9w=
github.com/gregoryv/matrix v0.1.0 h1:qtZ9wHiMrOd+TkW+HUARmVBXL119IaJoW7sj6hjwQNk=
github.com/gregoryv/matrix v0.1.0/go.mod h1:8ULDDtWUAg8dcOyI5Ab9J/X20MTa3bditTwfZ3aS/mY=
